github.com/bots-garden/capsule/capsulemodule v0.2.3 h1:S5Zw4z2V4+YwBof8w2AGvNgDn51lapktbVOgrD3Pqc8=
github.com/bots-garden/capsule/capsulemodule v0.2.3/go.mod h1:QQvdPEFUAE2IT9NraM478gi4uC4tnjJfXYUZPsKrDYk=
github.com/bots-garden/capsule/capsulemodule v0.2.6 h1:G5QbnHWz/8JLU+flir2FvFileiprUYKGGgASYghz2bk=
github.com/bots-garden/capsule/capsulemodule v0.2.6/go.mod h1:GKqDdk5nEGCLE/A7ifzuOBLXkzP9YfeQwSwEsePhnZU=
github.com/bots-garden/capsule/commons v0.2.3 h1:OODjTiRkZFgq8jb494nn3o95jQWbIt1QoXKBaVA/eyM=
github.com/bots-garden/capsule/commons v0.2.3/go.mod h1:0ZSJ+PYQxnwRfPtILDMYOrLSx6P59AK4s67IJTJeEIk=
github.com/bots-garden/capsule/commons v0.2.6 h1:pqAWNJ+o7zJb3QHrHkci9Hy5Bi+Gp5Y7seJhwvfbTAI=
github.com/bots-garden/capsule/commons v0.2.6/go.mod h1:oolOeDY1Z4dYQFiMz86FmUdcj25i6+HUyJkGjkt7S98=
