github.com/bots-garden/capsule/capsulemodule v0.2.2 h1:8pXqt8NiQ0MvLD7Egq6e6F0y0fLqw5N6Z2XZsHodeWY=
github.com/bots-garden/capsule/capsulemodule v0.2.2/go.mod h1:aKG7vvnt0kU6MPhAjPsBqQ3hymC5PF7CM0dV8azuaNE=
github.com/bots-garden/capsule/commons v0.2.2 h1:iEaqUjpgDBFftDUPzDwijBVWX958kBmnovemJ96+2D0=
github.com/bots-garden/capsule/commons v0.2.2/go.mod h1:0HTbbPcmopfxieSS1GXPXaWPqaphhN/E3wU94yynsr4=
