github.com/bots-garden/capsule/capsulemodule v0.2.8 h1:B0aDqMMTCL2xxLJdZAI84KRS5TusR9RDyX8CN/fl9Pk=
github.com/bots-garden/capsule/capsulemodule v0.2.8/go.mod h1:2BJfU03qGXwMR89tYChFFxJQs7JXj4HUetckk6R21b8=
github.com/bots-garden/capsule/commons v0.2.8 h1:1Ed9jvAxQX/YLXkB7EIZyN+kHuzue9rP/XBJXPEms0A=
github.com/bots-garden/capsule/commons v0.2.8/go.mod h1:LMHxTtYfbVit9FiwNtbW89azjpPx3ZBzzfIa76som/Q=
